// !$*UTF8*$!
{
	archiveVersion = 1;
	classes = {
	};
	objectVersion = 46;
	objects = {

/* Begin PBXBuildFile section */
		FB0173141B03032C00B3D67F /* CalculatorBrain.swift in Sources */ = {isa = PBXBuildFile; fileRef = FB0173131B03032C00B3D67F /* CalculatorBrain.swift */; };
		FBAECB591AE9A9500030A262 /* AppDelegate.swift in Sources */ = {isa = PBXBuildFile; fileRef = FBAECB581AE9A9500030A262 /* AppDelegate.swift */; };
		FBAECB5B1AE9A9500030A262 /* ViewController.swift in Sources */ = {isa = PBXBuildFile; fileRef = FBAECB5A1AE9A9500030A262 /* ViewController.swift */; };
		FBAECB5E1AE9A9500030A262 /* Main.storyboard in Resources */ = {isa = PBXBuildFile; fileRef = FBAECB5C1AE9A9500030A262 /* Main.storyboard */; };
		FBAECB601AE9A9500030A262 /* Images.xcassets in Resources */ = {isa = PBXBuildFile; fileRef = FBAECB5F1AE9A9500030A262 /* Images.xcassets */; };
		FBAECB631AE9A9500030A262 /* LaunchScreen.xib in Resources */ = {isa = PBXBuildFile; fileRef = FBAECB611AE9A9500030A262 /* LaunchScreen.xib */; };
		FBAECB6F1AE9A9500030A262 /* CalculatorTests.swift in Sources */ = {isa = PBXBuildFile; fileRef = FBAECB6E1AE9A9500030A262 /* CalculatorTests.swift */; };
/* End PBXBuildFile section */

/* Begin PBXContainerItemProxy section */
		FBAECB691AE9A9500030A262 /* PBXContainerItemProxy */ = {
			isa = PBXContainerItemProxy;
			containerPortal = FBAECB4B1AE9A9500030A262 /* Project object */;
			proxyType = 1;
			remoteGlobalIDString = FBAECB521AE9A9500030A262;
			remoteInfo = Calculator;
		};
/* End PBXContainerItemProxy section */

/* Begin PBXFileReference section */
		FB0173131B03032C00B3D67F /* CalculatorBrain.swift */ = {isa = PBXFileReference; fileEncoding = 4; lastKnownFileType = sourcecode.swift; path = CalculatorBrain.swift; sourceTree = "<group>"; };
		FBAECB531AE9A9500030A262 /* Calculator.app */ = {isa = PBXFileReference; explicitFileType = wrapper.application; includeInIndex = 0; path = Calculator.app; sourceTree = BUILT_PRODUCTS_DIR; };
		FBAECB571AE9A9500030A262 /* Info.plist */ = {isa = PBXFileReference; lastKnownFileType = text.plist.xml; path = Info.plist; sourceTree = "<group>"; };
		FBAECB581AE9A9500030A262 /* AppDelegate.swift */ = {isa = PBXFileReference; lastKnownFileType = sourcecode.swift; path = AppDelegate.swift; sourceTree = "<group>"; };
		FBAECB5A1AE9A9500030A262 /* ViewController.swift */ = {isa = PBXFileReference; lastKnownFileType = sourcecode.swift; path = ViewController.swift; sourceTree = "<group>"; };
		FBAECB5D1AE9A9500030A262 /* Base */ = {isa = PBXFileReference; lastKnownFileType = file.storyboard; name = Base; path = Base.lproj/Main.storyboard; sourceTree = "<group>"; };
		FBAECB5F1AE9A9500030A262 /* Images.xcassets */ = {isa = PBXFileReference; lastKnownFileType = folder.assetcatalog; path = Images.xcassets; sourceTree = "<group>"; };
		FBAECB621AE9A9500030A262 /* Base */ = {isa = PBXFileReference; lastKnownFileType = file.xib; name = Base; path = Base.lproj/LaunchScreen.xib; sourceTree = "<group>"; };
		FBAECB681AE9A9500030A262 /* CalculatorTests.xctest */ = {isa = PBXFileReference; explicitFileType = wrapper.cfbundle; includeInIndex = 0; path = CalculatorTests.xctest; sourceTree = BUILT_PRODUCTS_DIR; };
		FBAECB6D1AE9A9500030A262 /* Info.plist */ = {isa = PBXFileReference; lastKnownFileType = text.plist.xml; path = Info.plist; sourceTree = "<group>"; };
		FBAECB6E1AE9A9500030A262 /* CalculatorTests.swift */ = {isa = PBXFileReference; lastKnownFileType = sourcecode.swift; path = CalculatorTests.swift; sourceTree = "<group>"; };
/* End PBXFileReference section */

/* Begin PBXFrameworksBuildPhase section */
		FBAECB501AE9A9500030A262 /* Frameworks */ = {
			isa = PBXFrameworksBuildPhase;
			buildActionMask = 2147483647;
			files = (
			);
			runOnlyForDeploymentPostprocessing = 0;
		};
		FBAECB651AE9A9500030A262 /* Frameworks */ = {
			isa = PBXFrameworksBuildPhase;
			buildActionMask = 2147483647;
			files = (
			);
			runOnlyForDeploymentPostprocessing = 0;
		};
/* End PBXFrameworksBuildPhase section */

/* Begin PBXGroup section */
		FBAECB4A1AE9A9500030A262 = {
			isa = PBXGroup;
			children = (
				FBAECB551AE9A9500030A262 /* Calculator */,
				FBAECB6B1AE9A9500030A262 /* CalculatorTests */,
				FBAECB541AE9A9500030A262 /* Products */,
			);
			sourceTree = "<group>";
		};
		FBAECB541AE9A9500030A262 /* Products */ = {
			isa = PBXGroup;
			children = (
				FBAECB531AE9A9500030A262 /* Calculator.app */,
				FBAECB681AE9A9500030A262 /* CalculatorTests.xctest */,
			);
			name = Products;
			sourceTree = "<group>";
		};
		FBAECB551AE9A9500030A262 /* Calculator */ = {
			isa = PBXGroup;
			children = (
				FB0173131B03032C00B3D67F /* CalculatorBrain.swift */,
				FBAECB5A1AE9A9500030A262 /* ViewController.swift */,
				FBAECB5C1AE9A9500030A262 /* Main.storyboard */,
				FBAECB561AE9A9500030A262 /* Supporting Files */,
			);
			path = Calculator;
			sourceTree = "<group>";
		};
		FBAECB561AE9A9500030A262 /* Supporting Files */ = {
			isa = PBXGroup;
			children = (
				FBAECB611AE9A9500030A262 /* LaunchScreen.xib */,
				FBAECB5F1AE9A9500030A262 /* Images.xcassets */,
				FBAECB581AE9A9500030A262 /* AppDelegate.swift */,
				FBAECB571AE9A9500030A262 /* Info.plist */,
			);
			name = "Supporting Files";
			sourceTree = "<group>";
		};
		FBAECB6B1AE9A9500030A262 /* CalculatorTests */ = {
			isa = PBXGroup;
			children = (
				FBAECB6E1AE9A9500030A262 /* CalculatorTests.swift */,
				FBAECB6C1AE9A9500030A262 /* Supporting Files */,
			);
			path = CalculatorTests;
			sourceTree = "<group>";
		};
		FBAECB6C1AE9A9500030A262 /* Supporting Files */ = {
			isa = PBXGroup;
			children = (
				FBAECB6D1AE9A9500030A262 /* Info.plist */,
			);
			name = "Supporting Files";
			sourceTree = "<group>";
		};
/* End PBXGroup section */

/* Begin PBXNativeTarget section */
		FBAECB521AE9A9500030A262 /* Calculator */ = {
			isa = PBXNativeTarget;
			buildConfigurationList = FBAECB721AE9A9500030A262 /* Build configuration list for PBXNativeTarget "Calculator" */;
			buildPhases = (
				FBAECB4F1AE9A9500030A262 /* Sources */,
				FBAECB501AE9A9500030A262 /* Frameworks */,
				FBAECB511AE9A9500030A262 /* Resources */,
			);
			buildRules = (
			);
			dependencies = (
			);
			name = Calculator;
			productName = Calculator;
			productReference = FBAECB531AE9A9500030A262 /* Calculator.app */;
			productType = "com.apple.product-type.application";
		};
		FBAECB671AE9A9500030A262 /* CalculatorTests */ = {
			isa = PBXNativeTarget;
			buildConfigurationList = FBAECB751AE9A9500030A262 /* Build configuration list for PBXNativeTarget "CalculatorTests" */;
			buildPhases = (
				FBAECB641AE9A9500030A262 /* Sources */,
				FBAECB651AE9A9500030A262 /* Frameworks */,
				FBAECB661AE9A9500030A262 /* Resources */,
			);
			buildRules = (
			);
			dependencies = (
				FBAECB6A1AE9A9500030A262 /* PBXTargetDependency */,
			);
			name = CalculatorTests;
			productName = CalculatorTests;
			productReference = FBAECB681AE9A9500030A262 /* CalculatorTests.xctest */;
			productType = "com.apple.product-type.bundle.unit-test";
		};
/* End PBXNativeTarget section */

/* Begin PBXProject section */
		FBAECB4B1AE9A9500030A262 /* Project object */ = {
			isa = PBXProject;
			attributes = {
				LastUpgradeCheck = 0620;
				ORGANIZATIONNAME = "Govindaraju, Saranath";
				TargetAttributes = {
					FBAECB521AE9A9500030A262 = {
						CreatedOnToolsVersion = 6.2;
					};
					FBAECB671AE9A9500030A262 = {
						CreatedOnToolsVersion = 6.2;
						TestTargetID = FBAECB521AE9A9500030A262;
					};
				};
			};
			buildConfigurationList = FBAECB4E1AE9A9500030A262 /* Build configuration list for PBXProject "Calculator" */;
			compatibilityVersion = "Xcode 3.2";
			developmentRegion = English;
			hasScannedForEncodings = 0;
			knownRegions = (
				en,
				Base,
			);
			mainGroup = FBAECB4A1AE9A9500030A262;
			productRefGroup = FBAECB541AE9A9500030A262 /* Products */;
			projectDirPath = "";
			projectRoot = "";
			targets = (
				FBAECB521AE9A9500030A262 /* Calculator */,
				FBAECB671AE9A9500030A262 /* CalculatorTests */,
			);
		};
/* End PBXProject section */

/* Begin PBXResourcesBuildPhase section */
		FBAECB511AE9A9500030A262 /* Resources */ = {
			isa = PBXResourcesBuildPhase;
			buildActionMask = 2147483647;
			files = (
				FBAECB5E1AE9A9500030A262 /* Main.storyboard in Resources */,
				FBAECB631AE9A9500030A262 /* LaunchScreen.xib in Resources */,
				FBAECB601AE9A9500030A262 /* Images.xcassets in Resources */,
			);
			runOnlyForDeploymentPostprocessing = 0;
		};
		FBAECB661AE9A9500030A262 /* Resources */ = {
			isa = PBXResourcesBuildPhase;
			buildActionMask = 2147483647;
			files = (
			);
			runOnlyForDeploymentPostprocessing = 0;
		};
/* End PBXResourcesBuildPhase section */

/* Begin PBXSourcesBuildPhase section */
		FBAECB4F1AE9A9500030A262 /* Sources */ = {
			isa = PBXSourcesBuildPhase;
			buildActionMask = 2147483647;
			files = (
				FB0173141B03032C00B3D67F /* CalculatorBrain.swift in Sources */,
				FBAECB5B1AE9A9500030A262 /* ViewController.swift in Sources */,
				FBAECB591AE9A9500030A262 /* AppDelegate.swift in Sources */,
			);
			runOnlyForDeploymentPostprocessing = 0;
		};
		FBAECB641AE9A9500030A262 /* Sources */ = {
			isa = PBXSourcesBuildPhase;
			buildActionMask = 2147483647;
			files = (
				FBAECB6F1AE9A9500030A262 /* CalculatorTests.swift in Sources */,
			);
			runOnlyForDeploymentPostprocessing = 0;
		};
/* End PBXSourcesBuildPhase section */

/* Begin PBXTargetDependency section */
		FBAECB6A1AE9A9500030A262 /* PBXTargetDependency */ = {
			isa = PBXTargetDependency;
			target = FBAECB521AE9A9500030A262 /* Calculator */;
			targetProxy = FBAECB691AE9A9500030A262 /* PBXContainerItemProxy */;
		};
/* End PBXTargetDependency section */

/* Begin PBXVariantGroup section */
		FBAECB5C1AE9A9500030A262 /* Main.storyboard */ = {
			isa = PBXVariantGroup;
			children = (
				FBAECB5D1AE9A9500030A262 /* Base */,
			);
			name = Main.storyboard;
			sourceTree = "<group>";
		};
		FBAECB611AE9A9500030A262 /* LaunchScreen.xib */ = {
			isa = PBXVariantGroup;
			children = (
				FBAECB621AE9A9500030A262 /* Base */,
			);
			name = LaunchScreen.xib;
			sourceTree = "<group>";
		};
/* End PBXVariantGroup section */

/* Begin XCBuildConfiguration section */
		FBAECB701AE9A9500030A262 /* Debug */ = {
			isa = XCBuildConfiguration;
			buildSettings = {
				ALWAYS_SEARCH_USER_PATHS = NO;
				CLANG_CXX_LANGUAGE_STANDARD = "gnu++0x";
				CLANG_CXX_LIBRARY = "libc++";
				CLANG_ENABLE_MODULES = YES;
				CLANG_ENABLE_OBJC_ARC = YES;
				CLANG_WARN_BOOL_CONVERSION = YES;
				CLANG_WARN_CONSTANT_CONVERSION = YES;
				CLANG_WARN_DIRECT_OBJC_ISA_USAGE = YES_ERROR;
				CLANG_WARN_EMPTY_BODY = YES;
				CLANG_WARN_ENUM_CONVERSION = YES;
				CLANG_WARN_INT_CONVERSION = YES;
				CLANG_WARN_OBJC_ROOT_CLASS = YES_ERROR;
				CLANG_WARN_UNREACHABLE_CODE = YES;
				CLANG_WARN__DUPLICATE_METHOD_MATCH = YES;
				"CODE_SIGN_IDENTITY[sdk=iphoneos*]" = "iPhone Developer";
				COPY_PHASE_STRIP = NO;
				ENABLE_STRICT_OBJC_MSGSEND = YES;
				GCC_C_LANGUAGE_STANDARD = gnu99;
				GCC_DYNAMIC_NO_PIC = NO;
				GCC_OPTIMIZATION_LEVEL = 0;
				GCC_PREPROCESSOR_DEFINITIONS = (
					"DEBUG=1",
					"$(inherited)",
				);
				GCC_SYMBOLS_PRIVATE_EXTERN = NO;
				GCC_WARN_64_TO_32_BIT_CONVERSION = YES;
				GCC_WARN_ABOUT_RETURN_TYPE = YES_ERROR;
				GCC_WARN_UNDECLARED_SELECTOR = YES;
				GCC_WARN_UNINITIALIZED_AUTOS = YES_AGGRESSIVE;
				GCC_WARN_UNUSED_FUNCTION = YES;
				GCC_WARN_UNUSED_VARIABLE = YES;
				IPHONEOS_DEPLOYMENT_TARGET = 8.2;
				MTL_ENABLE_DEBUG_INFO = YES;
				ONLY_ACTIVE_ARCH = YES;
				SDKROOT = iphoneos;
				SWIFT_OPTIMIZATION_LEVEL = "-Onone";
				TARGETED_DEVICE_FAMILY = "1,2";
			};
			name = Debug;
		};
		FBAECB711AE9A9500030A262 /* Release */ = {
			isa = XCBuildConfiguration;
			buildSettings = {
				ALWAYS_SEARCH_USER_PATHS = NO;
				CLANG_CXX_LANGUAGE_STANDARD = "gnu++0x";
				CLANG_CXX_LIBRARY = "libc++";
				CLANG_ENABLE_MODULES = YES;
				CLANG_ENABLE_OBJC_ARC = YES;
				CLANG_WARN_BOOL_CONVERSION = YES;
				CLANG_WARN_CONSTANT_CONVERSION = YES;
				CLANG_WARN_DIRECT_OBJC_ISA_USAGE = YES_ERROR;
				CLANG_WARN_EMPTY_BODY = YES;
				CLANG_WARN_ENUM_CONVERSION = YES;
				CLANG_WARN_INT_CONVERSION = YES;
				CLANG_WARN_OBJC_ROOT_CLASS = YES_ERROR;
				CLANG_WARN_UNREACHABLE_CODE = YES;
				CLANG_WARN__DUPLICATE_METHOD_MATCH = YES;
				"CODE_SIGN_IDENTITY[sdk=iphoneos*]" = "iPhone Developer";
				COPY_PHASE_STRIP = NO;
				ENABLE_NS_ASSERTIONS = NO;
				ENABLE_STRICT_OBJC_MSGSEND = YES;
				GCC_C_LANGUAGE_STANDARD = gnu99;
				GCC_WARN_64_TO_32_BIT_CONVERSION = YES;
				GCC_WARN_ABOUT_RETURN_TYPE = YES_ERROR;
				GCC_WARN_UNDECLARED_SELECTOR = YES;
				GCC_WARN_UNINITIALIZED_AUTOS = YES_AGGRESSIVE;
				GCC_WARN_UNUSED_FUNCTION = YES;
				GCC_WARN_UNUSED_VARIABLE = YES;
				IPHONEOS_DEPLOYMENT_TARGET = 8.2;
				MTL_ENABLE_DEBUG_INFO = NO;
				SDKROOT = iphoneos;
				TARGETED_DEVICE_FAMILY = "1,2";
				VALIDATE_PRODUCT = YES;
			};
			name = Release;
		};
		FBAECB731AE9A9500030A262 /* Debug */ = {
			isa = XCBuildConfiguration;
			buildSettings = {
				ASSETCATALOG_COMPILER_APPICON_NAME = AppIcon;
				INFOPLIST_FILE = Calculator/Info.plist;
				LD_RUNPATH_SEARCH_PATHS = "$(inherited) @executable_path/Frameworks";
				PRODUCT_NAME = "$(TARGET_NAME)";
			};
			name = Debug;
		};
		FBAECB741AE9A9500030A262 /* Release */ = {
			isa = XCBuildConfiguration;
			buildSettings = {
				ASSETCATALOG_COMPILER_APPICON_NAME = AppIcon;
				INFOPLIST_FILE = Calculator/Info.plist;
				LD_RUNPATH_SEARCH_PATHS = "$(inherited) @executable_path/Frameworks";
				PRODUCT_NAME = "$(TARGET_NAME)";
			};
			name = Release;
		};
		FBAECB761AE9A9500030A262 /* Debug */ = {
			isa = XCBuildConfiguration;
			buildSettings = {
				BUNDLE_LOADER = "$(TEST_HOST)";
				FRAMEWORK_SEARCH_PATHS = (
					"$(SDKROOT)/Developer/Library/Frameworks",
					"$(inherited)",
				);
				GCC_PREPROCESSOR_DEFINITIONS = (
					"DEBUG=1",
					"$(inherited)",
				);
				INFOPLIST_FILE = CalculatorTests/Info.plist;
				LD_RUNPATH_SEARCH_PATHS = "$(inherited) @executable_path/Frameworks @loader_path/Frameworks";
				PRODUCT_NAME = "$(TARGET_NAME)";
				TEST_HOST = "$(BUILT_PRODUCTS_DIR)/Calculator.app/Calculator";
			};
			name = Debug;
		};
		FBAECB771AE9A9500030A262 /* Release */ = {
			isa = XCBuildConfiguration;
			buildSettings = {
				BUNDLE_LOADER = "$(TEST_HOST)";
				FRAMEWORK_SEARCH_PATHS = (
					"$(SDKROOT)/Developer/Library/Frameworks",
					"$(inherited)",
				);
				INFOPLIST_FILE = CalculatorTests/Info.plist;
				LD_RUNPATH_SEARCH_PATHS = "$(inherited) @executable_path/Frameworks @loader_path/Frameworks";
				PRODUCT_NAME = "$(TARGET_NAME)";
				TEST_HOST = "$(BUILT_PRODUCTS_DIR)/Calculator.app/Calculator";
			};
			name = Release;
		};
/* End XCBuildConfiguration section */

/* Begin XCConfigurationList section */
		FBAECB4E1AE9A9500030A262 /* Build configuration list for PBXProject "Calculator" */ = {
			isa = XCConfigurationList;
			buildConfigurations = (
				FBAECB701AE9A9500030A262 /* Debug */,
				FBAECB711AE9A9500030A262 /* Release */,
			);
			defaultConfigurationIsVisible = 0;
			defaultConfigurationName = Release;
		};
		FBAECB721AE9A9500030A262 /* Build configuration list for PBXNativeTarget "Calculator" */ = {
			isa = XCConfigurationList;
			buildConfigurations = (
				FBAECB731AE9A9500030A262 /* Debug */,
				FBAECB741AE9A9500030A262 /* Release */,
			);
			defaultConfigurationIsVisible = 0;
			defaultConfigurationName = Release;
		};
		FBAECB751AE9A9500030A262 /* Build configuration list for PBXNativeTarget "CalculatorTests" */ = {
			isa = XCConfigurationList;
			buildConfigurations = (
				FBAECB761AE9A9500030A262 /* Debug */,
				FBAECB771AE9A9500030A262 /* Release */,
			);
			defaultConfigurationIsVisible = 0;
			defaultConfigurationName = Release;
		};
/* End XCConfigurationList section */
	};
	rootObject = FBAECB4B1AE9A9500030A262 /* Project object */;
}
